{
  "originHash" : "974113cab69e760e3f93316701a0239042f0137d1c34d6cde0c19e91bb994387",
  "pins" : [
    {
      "identity" : "swxmlhash",
      "kind" : "remoteSourceControl",
      "location" : "https://github.com/drmohundro/SWXMLHash",
      "state" : {
        "revision" : "6ae7b83692c4a2ed53ea2cb0e6cda20768800a99",
        "version" : "8.1.0"
      }
    }
  ],
  "version" : 3
}
